
Microsoft Visual Studio Solution File, Format Version 11.00
# Visual Studio 2010
Project("{8BC9CEB8-8B4A-11D0-8D11-00A0C91BC942}") = "Exercise_1_1", "Exercise_1_1\Exercise_1_1.vcxproj", "{755AE368-4C2B-4541-9726-50E76B2A87DF}"
EndProject
Project("{8BC9CEB8-8B4A-11D0-8D11-00A0C91BC942}") = "Exercise_1_3", "Exercise_1_3\Exercise_1_3.vcxproj", "{A48DD57E-D357-4A01-84EE-E5612876874D}"
EndProject
Project("{8BC9CEB8-8B4A-11D0-8D11-00A0C91BC942}") = "Exercise_1_2", "Exercise_1_2\Exercise_1_2.vcxproj", "{1A6639DD-69B2-4F21-B74E-8C8198F9C4BA}"
EndProject
Project("{8BC9CEB8-8B4A-11D0-8D11-00A0C91BC942}") = "Exercise_1_4", "Exercise_1_4\Exercise_1_4.vcxproj", "{B3F229E1-ED60-4609-A4C6-06CFE1524119}"
EndProject
Project("{8BC9CEB8-8B4A-11D0-8D11-00A0C91BC942}") = "Exercise_2_1", "Exercise_2_1\Exercise_2_1.vcxproj", "{ED0808FE-4BFE-4CE0-A446-CD1F5AB52CFA}"
EndProject
Project("{8BC9CEB8-8B4A-11D0-8D11-00A0C91BC942}") = "Exercise_2_2", "Exercise_2_2\Exercise_2_2.vcxproj", "{6EEE2C7E-B83E-4600-B7E9-8478C5D1AD6D}"
EndProject
Project("{8BC9CEB8-8B4A-11D0-8D11-00A0C91BC942}") = "Exercise_2_3", "Exercise_2_3\Exercise_2_3.vcxproj", "{C1E3523D-8066-44ED-BA3D-BAB84E1A8D41}"
EndProject
Project("{8BC9CEB8-8B4A-11D0-8D11-00A0C91BC942}") = "Exercise_2_4", "Exercise_2_4\Exercise_2_4.vcxproj", "{55AC4251-EA4F-480B-8520-C69F2395435A}"
EndProject
Project("{8BC9CEB8-8B4A-11D0-8D11-00A0C91BC942}") = "Exercise_2_5", "Exercise_2_5\Exercise_2_5.vcxproj", "{01106199-8652-4FC5-98CF-6BC9CDC774B1}"
EndProject
Project("{8BC9CEB8-8B4A-11D0-8D11-00A0C91BC942}") = "Exercise_2_6", "Exercise_2_6\Exercise_2_6.vcxproj", "{B2D0A7D1-FC90-480E-ADA5-99371D4DA57A}"
EndProject
Project("{8BC9CEB8-8B4A-11D0-8D11-00A0C91BC942}") = "Exercise_3_1", "Exercise_3_1\Exercise_3_1.vcxproj", "{EB0BE8E9-7458-45F9-B18F-A6EA3ED567D8}"
EndProject
Project("{8BC9CEB8-8B4A-11D0-8D11-00A0C91BC942}") = "Exercise_3_2", "Exercise_3_2\Exercise_3_2.vcxproj", "{115D56F0-6728-42EB-AE6D-5435BD576156}"
EndProject
Project("{8BC9CEB8-8B4A-11D0-8D11-00A0C91BC942}") = "Exercise_3_3", "Exercise_3_3\Exercise_3_3.vcxproj", "{65C7D5CA-9C0B-425F-8389-9E038B90D713}"
EndProject
Project("{8BC9CEB8-8B4A-11D0-8D11-00A0C91BC942}") = "Exercise_3_4", "Exercise_3_4\Exercise_3_4.vcxproj", "{736A578F-1375-4D5F-9D6E-D0C9A57AF0D5}"
EndProject
Project("{8BC9CEB8-8B4A-11D0-8D11-00A0C91BC942}") = "Exercise_3_6", "Exercise_3_6\Exercise_3_6.vcxproj", "{29EFA13E-B611-4C62-B301-5874013AB15A}"
EndProject
Project("{8BC9CEB8-8B4A-11D0-8D11-00A0C91BC942}") = "Exercise_3_7", "Exercise_3_7\Exercise_3_7.vcxproj", "{120CC8B7-DB0E-4BAD-872A-BE893393AFAF}"
EndProject
Project("{8BC9CEB8-8B4A-11D0-8D11-00A0C91BC942}") = "Exercise_3_8", "Exercise_3_8\Exercise_3_8.vcxproj", "{5D4EFF0E-011E-4F90-AA06-C8A6BBE2CB86}"
EndProject
Project("{8BC9CEB8-8B4A-11D0-8D11-00A0C91BC942}") = "Exercise_4_1", "Exercise_4_1\Exercise_4_1.vcxproj", "{1414AE22-D998-43F4-96BB-31B83FAB9ED7}"
EndProject
Project("{8BC9CEB8-8B4A-11D0-8D11-00A0C91BC942}") = "Exercise_4_2", "Exercise_4_2\Exercise_4_2.vcxproj", "{AC57F61C-B663-4EBA-A0E8-4BB4AD343703}"
EndProject
Project("{8BC9CEB8-8B4A-11D0-8D11-00A0C91BC942}") = "Exercise_4_4", "Exercise_4_4\Exercise_4_4.vcxproj", "{7EAFA0FD-16B1-4DA1-8A83-B80A635BBB73}"
EndProject
Project("{8BC9CEB8-8B4A-11D0-8D11-00A0C91BC942}") = "Exercise_3_5", "Exercise_3_5\Exercise_3_5.vcxproj", "{4EE25D9D-7363-402E-8629-A4BA9FDF8D67}"
EndProject
Project("{8BC9CEB8-8B4A-11D0-8D11-00A0C91BC942}") = "Exercise_4_3", "Exercise_4_3\Exercise_4_3.vcxproj", "{69878792-0156-4B60-B59A-FDCE11556713}"
EndProject
Project("{8BC9CEB8-8B4A-11D0-8D11-00A0C91BC942}") = "Exercise_5_1", "Exercise_5_1\Exercise_5_1.vcxproj", "{70549826-C85B-437A-A1A2-57BE732A358A}"
EndProject
Global
	GlobalSection(SolutionConfigurationPlatforms) = preSolution
		Debug|Win32 = Debug|Win32
		Release|Win32 = Release|Win32
	EndGlobalSection
	GlobalSection(ProjectConfigurationPlatforms) = postSolution
		{755AE368-4C2B-4541-9726-50E76B2A87DF}.Debug|Win32.ActiveCfg = Debug|Win32
		{755AE368-4C2B-4541-9726-50E76B2A87DF}.Debug|Win32.Build.0 = Debug|Win32
		{755AE368-4C2B-4541-9726-50E76B2A87DF}.Release|Win32.ActiveCfg = Release|Win32
		{755AE368-4C2B-4541-9726-50E76B2A87DF}.Release|Win32.Build.0 = Release|Win32
		{A48DD57E-D357-4A01-84EE-E5612876874D}.Debug|Win32.ActiveCfg = Debug|Win32
		{A48DD57E-D357-4A01-84EE-E5612876874D}.Debug|Win32.Build.0 = Debug|Win32
		{A48DD57E-D357-4A01-84EE-E5612876874D}.Release|Win32.ActiveCfg = Release|Win32
		{A48DD57E-D357-4A01-84EE-E5612876874D}.Release|Win32.Build.0 = Release|Win32
		{1A6639DD-69B2-4F21-B74E-8C8198F9C4BA}.Debug|Win32.ActiveCfg = Debug|Win32
		{1A6639DD-69B2-4F21-B74E-8C8198F9C4BA}.Debug|Win32.Build.0 = Debug|Win32
		{1A6639DD-69B2-4F21-B74E-8C8198F9C4BA}.Release|Win32.ActiveCfg = Release|Win32
		{1A6639DD-69B2-4F21-B74E-8C8198F9C4BA}.Release|Win32.Build.0 = Release|Win32
		{B3F229E1-ED60-4609-A4C6-06CFE1524119}.Debug|Win32.ActiveCfg = Debug|Win32
		{B3F229E1-ED60-4609-A4C6-06CFE1524119}.Debug|Win32.Build.0 = Debug|Win32
		{B3F229E1-ED60-4609-A4C6-06CFE1524119}.Release|Win32.ActiveCfg = Release|Win32
		{B3F229E1-ED60-4609-A4C6-06CFE1524119}.Release|Win32.Build.0 = Release|Win32
		{ED0808FE-4BFE-4CE0-A446-CD1F5AB52CFA}.Debug|Win32.ActiveCfg = Debug|Win32
		{ED0808FE-4BFE-4CE0-A446-CD1F5AB52CFA}.Debug|Win32.Build.0 = Debug|Win32
		{ED0808FE-4BFE-4CE0-A446-CD1F5AB52CFA}.Release|Win32.ActiveCfg = Release|Win32
		{ED0808FE-4BFE-4CE0-A446-CD1F5AB52CFA}.Release|Win32.Build.0 = Release|Win32
		{6EEE2C7E-B83E-4600-B7E9-8478C5D1AD6D}.Debug|Win32.ActiveCfg = Debug|Win32
		{6EEE2C7E-B83E-4600-B7E9-8478C5D1AD6D}.Debug|Win32.Build.0 = Debug|Win32
		{6EEE2C7E-B83E-4600-B7E9-8478C5D1AD6D}.Release|Win32.ActiveCfg = Release|Win32
		{6EEE2C7E-B83E-4600-B7E9-8478C5D1AD6D}.Release|Win32.Build.0 = Release|Win32
		{C1E3523D-8066-44ED-BA3D-BAB84E1A8D41}.Debug|Win32.ActiveCfg = Debug|Win32
		{C1E3523D-8066-44ED-BA3D-BAB84E1A8D41}.Debug|Win32.Build.0 = Debug|Win32
		{C1E3523D-8066-44ED-BA3D-BAB84E1A8D41}.Release|Win32.ActiveCfg = Release|Win32
		{C1E3523D-8066-44ED-BA3D-BAB84E1A8D41}.Release|Win32.Build.0 = Release|Win32
		{55AC4251-EA4F-480B-8520-C69F2395435A}.Debug|Win32.ActiveCfg = Debug|Win32
		{55AC4251-EA4F-480B-8520-C69F2395435A}.Debug|Win32.Build.0 = Debug|Win32
		{55AC4251-EA4F-480B-8520-C69F2395435A}.Release|Win32.ActiveCfg = Release|Win32
		{55AC4251-EA4F-480B-8520-C69F2395435A}.Release|Win32.Build.0 = Release|Win32
		{01106199-8652-4FC5-98CF-6BC9CDC774B1}.Debug|Win32.ActiveCfg = Debug|Win32
		{01106199-8652-4FC5-98CF-6BC9CDC774B1}.Debug|Win32.Build.0 = Debug|Win32
		{01106199-8652-4FC5-98CF-6BC9CDC774B1}.Release|Win32.ActiveCfg = Release|Win32
		{01106199-8652-4FC5-98CF-6BC9CDC774B1}.Release|Win32.Build.0 = Release|Win32
		{B2D0A7D1-FC90-480E-ADA5-99371D4DA57A}.Debug|Win32.ActiveCfg = Debug|Win32
		{B2D0A7D1-FC90-480E-ADA5-99371D4DA57A}.Debug|Win32.Build.0 = Debug|Win32
		{B2D0A7D1-FC90-480E-ADA5-99371D4DA57A}.Release|Win32.ActiveCfg = Release|Win32
		{B2D0A7D1-FC90-480E-ADA5-99371D4DA57A}.Release|Win32.Build.0 = Release|Win32
		{EB0BE8E9-7458-45F9-B18F-A6EA3ED567D8}.Debug|Win32.ActiveCfg = Debug|Win32
		{EB0BE8E9-7458-45F9-B18F-A6EA3ED567D8}.Debug|Win32.Build.0 = Debug|Win32
		{EB0BE8E9-7458-45F9-B18F-A6EA3ED567D8}.Release|Win32.ActiveCfg = Release|Win32
		{EB0BE8E9-7458-45F9-B18F-A6EA3ED567D8}.Release|Win32.Build.0 = Release|Win32
		{115D56F0-6728-42EB-AE6D-5435BD576156}.Debug|Win32.ActiveCfg = Debug|Win32
		{115D56F0-6728-42EB-AE6D-5435BD576156}.Debug|Win32.Build.0 = Debug|Win32
		{115D56F0-6728-42EB-AE6D-5435BD576156}.Release|Win32.ActiveCfg = Release|Win32
		{115D56F0-6728-42EB-AE6D-5435BD576156}.Release|Win32.Build.0 = Release|Win32
		{65C7D5CA-9C0B-425F-8389-9E038B90D713}.Debug|Win32.ActiveCfg = Debug|Win32
		{65C7D5CA-9C0B-425F-8389-9E038B90D713}.Debug|Win32.Build.0 = Debug|Win32
		{65C7D5CA-9C0B-425F-8389-9E038B90D713}.Release|Win32.ActiveCfg = Release|Win32
		{65C7D5CA-9C0B-425F-8389-9E038B90D713}.Release|Win32.Build.0 = Release|Win32
		{736A578F-1375-4D5F-9D6E-D0C9A57AF0D5}.Debug|Win32.ActiveCfg = Debug|Win32
		{736A578F-1375-4D5F-9D6E-D0C9A57AF0D5}.Debug|Win32.Build.0 = Debug|Win32
		{736A578F-1375-4D5F-9D6E-D0C9A57AF0D5}.Release|Win32.ActiveCfg = Release|Win32
		{736A578F-1375-4D5F-9D6E-D0C9A57AF0D5}.Release|Win32.Build.0 = Release|Win32
		{29EFA13E-B611-4C62-B301-5874013AB15A}.Debug|Win32.ActiveCfg = Debug|Win32
		{29EFA13E-B611-4C62-B301-5874013AB15A}.Debug|Win32.Build.0 = Debug|Win32
		{29EFA13E-B611-4C62-B301-5874013AB15A}.Release|Win32.ActiveCfg = Release|Win32
		{29EFA13E-B611-4C62-B301-5874013AB15A}.Release|Win32.Build.0 = Release|Win32
		{120CC8B7-DB0E-4BAD-872A-BE893393AFAF}.Debug|Win32.ActiveCfg = Debug|Win32
		{120CC8B7-DB0E-4BAD-872A-BE893393AFAF}.Debug|Win32.Build.0 = Debug|Win32
		{120CC8B7-DB0E-4BAD-872A-BE893393AFAF}.Release|Win32.ActiveCfg = Release|Win32
		{120CC8B7-DB0E-4BAD-872A-BE893393AFAF}.Release|Win32.Build.0 = Release|Win32
		{5D4EFF0E-011E-4F90-AA06-C8A6BBE2CB86}.Debug|Win32.ActiveCfg = Debug|Win32
		{5D4EFF0E-011E-4F90-AA06-C8A6BBE2CB86}.Debug|Win32.Build.0 = Debug|Win32
		{5D4EFF0E-011E-4F90-AA06-C8A6BBE2CB86}.Release|Win32.ActiveCfg = Release|Win32
		{5D4EFF0E-011E-4F90-AA06-C8A6BBE2CB86}.Release|Win32.Build.0 = Release|Win32
		{1414AE22-D998-43F4-96BB-31B83FAB9ED7}.Debug|Win32.ActiveCfg = Debug|Win32
		{1414AE22-D998-43F4-96BB-31B83FAB9ED7}.Debug|Win32.Build.0 = Debug|Win32
		{1414AE22-D998-43F4-96BB-31B83FAB9ED7}.Release|Win32.ActiveCfg = Release|Win32
		{1414AE22-D998-43F4-96BB-31B83FAB9ED7}.Release|Win32.Build.0 = Release|Win32
		{AC57F61C-B663-4EBA-A0E8-4BB4AD343703}.Debug|Win32.ActiveCfg = Debug|Win32
		{AC57F61C-B663-4EBA-A0E8-4BB4AD343703}.Debug|Win32.Build.0 = Debug|Win32
		{AC57F61C-B663-4EBA-A0E8-4BB4AD343703}.Release|Win32.ActiveCfg = Release|Win32
		{AC57F61C-B663-4EBA-A0E8-4BB4AD343703}.Release|Win32.Build.0 = Release|Win32
		{7EAFA0FD-16B1-4DA1-8A83-B80A635BBB73}.Debug|Win32.ActiveCfg = Debug|Win32
		{7EAFA0FD-16B1-4DA1-8A83-B80A635BBB73}.Debug|Win32.Build.0 = Debug|Win32
		{7EAFA0FD-16B1-4DA1-8A83-B80A635BBB73}.Release|Win32.ActiveCfg = Release|Win32
		{7EAFA0FD-16B1-4DA1-8A83-B80A635BBB73}.Release|Win32.Build.0 = Release|Win32
		{4EE25D9D-7363-402E-8629-A4BA9FDF8D67}.Debug|Win32.ActiveCfg = Debug|Win32
		{4EE25D9D-7363-402E-8629-A4BA9FDF8D67}.Debug|Win32.Build.0 = Debug|Win32
		{4EE25D9D-7363-402E-8629-A4BA9FDF8D67}.Release|Win32.ActiveCfg = Release|Win32
		{4EE25D9D-7363-402E-8629-A4BA9FDF8D67}.Release|Win32.Build.0 = Release|Win32
		{69878792-0156-4B60-B59A-FDCE11556713}.Debug|Win32.ActiveCfg = Debug|Win32
		{69878792-0156-4B60-B59A-FDCE11556713}.Debug|Win32.Build.0 = Debug|Win32
		{69878792-0156-4B60-B59A-FDCE11556713}.Release|Win32.ActiveCfg = Release|Win32
		{69878792-0156-4B60-B59A-FDCE11556713}.Release|Win32.Build.0 = Release|Win32
		{70549826-C85B-437A-A1A2-57BE732A358A}.Debug|Win32.ActiveCfg = Debug|Win32
		{70549826-C85B-437A-A1A2-57BE732A358A}.Debug|Win32.Build.0 = Debug|Win32
		{70549826-C85B-437A-A1A2-57BE732A358A}.Release|Win32.ActiveCfg = Release|Win32
		{70549826-C85B-437A-A1A2-57BE732A358A}.Release|Win32.Build.0 = Release|Win32
	EndGlobalSection
	GlobalSection(SolutionProperties) = preSolution
		HideSolutionNode = FALSE
	EndGlobalSection
EndGlobal
