
Microsoft Visual Studio Solution File, Format Version 9.00
# Visual Studio 2005
Project("{2150E333-8FDC-42A3-9474-1A3956D46DE8}") = "Server", "Server", "{F9654ED1-D225-4C3A-9244-761FFFB1FFCE}"
EndProject
Project("{2150E333-8FDC-42A3-9474-1A3956D46DE8}") = "Client", "Client", "{E6BA7C85-4545-4DC1-AC54-C9927C284F65}"
EndProject
Project("{8BC9CEB8-8B4A-11D0-8D11-00A0C91BC942}") = "CalculationSimpleCOM", "CalculationSimpleCOM\CalculationSimpleCOM.vcproj", "{C9DAD829-2B57-483D-BBE7-04C76F914EDC}"
EndProject
Project("{8BC9CEB8-8B4A-11D0-8D11-00A0C91BC942}") = "CalculationSimpleCOMProxy", "CalculationSimpleCOMProxy\CalculationSimpleCOMProxy.vcproj", "{951EBEBB-5108-469B-A53F-CCBF07B42D54}"
EndProject
Project("{8BC9CEB8-8B4A-11D0-8D11-00A0C91BC942}") = "TestSimpleCOM", "TestSimpleCOM\TestSimpleCOM.vcproj", "{7A57662A-3520-4035-82AC-91E69A231A90}"
EndProject
Project("{8BC9CEB8-8B4A-11D0-8D11-00A0C91BC942}") = "CalculationAutomation", "CalculationAutomation\CalculationAutomation.vcproj", "{3FC316DA-B136-4ABB-8BAB-447FC4CAA340}"
EndProject
Project("{8BC9CEB8-8B4A-11D0-8D11-00A0C91BC942}") = "TestAutomation", "TestAutomation\TestAutomation.vcproj", "{598185F2-95F1-41CA-9049-658DB034E562}"
EndProject
Project("{8BC9CEB8-8B4A-11D0-8D11-00A0C91BC942}") = "TestRemote", "TestRemote\TestRemote.vcproj", "{5048E531-D739-4CCD-87A8-1DAC95D3A8BD}"
EndProject
Project("{8BC9CEB8-8B4A-11D0-8D11-00A0C91BC942}") = "TestRemoteAutomation", "TestRemoteAutomation\TestRemoteAutomation.vcproj", "{4C247940-FDE1-489A-92F8-E4C0B7BD9D38}"
EndProject
Project("{8BC9CEB8-8B4A-11D0-8D11-00A0C91BC942}") = "TestRemoteAutomationProxy", "TestRemoteAutomationProxy\TestRemoteAutomationProxy.vcproj", "{6E2BB7B6-F5B0-4C76-83CA-8F2DB5B0A90A}"
EndProject
Project("{2150E333-8FDC-42A3-9474-1A3956D46DE8}") = "LPC Examples", "LPC Examples", "{2413402C-69D4-41CB-B40F-01102F6C1987}"
EndProject
Project("{2150E333-8FDC-42A3-9474-1A3956D46DE8}") = "RPC Examples", "RPC Examples", "{0361A9C7-71AC-4267-9432-E4F9A8A31E22}"
EndProject
Global
	GlobalSection(SolutionConfigurationPlatforms) = preSolution
		Debug|Win32 = Debug|Win32
		Release|Win32 = Release|Win32
	EndGlobalSection
	GlobalSection(ProjectConfigurationPlatforms) = postSolution
		{C9DAD829-2B57-483D-BBE7-04C76F914EDC}.Debug|Win32.ActiveCfg = Debug|Win32
		{C9DAD829-2B57-483D-BBE7-04C76F914EDC}.Debug|Win32.Build.0 = Debug|Win32
		{C9DAD829-2B57-483D-BBE7-04C76F914EDC}.Release|Win32.ActiveCfg = Release|Win32
		{C9DAD829-2B57-483D-BBE7-04C76F914EDC}.Release|Win32.Build.0 = Release|Win32
		{951EBEBB-5108-469B-A53F-CCBF07B42D54}.Debug|Win32.ActiveCfg = Debug|Win32
		{951EBEBB-5108-469B-A53F-CCBF07B42D54}.Debug|Win32.Build.0 = Debug|Win32
		{951EBEBB-5108-469B-A53F-CCBF07B42D54}.Release|Win32.ActiveCfg = Release|Win32
		{951EBEBB-5108-469B-A53F-CCBF07B42D54}.Release|Win32.Build.0 = Release|Win32
		{7A57662A-3520-4035-82AC-91E69A231A90}.Debug|Win32.ActiveCfg = Debug|Win32
		{7A57662A-3520-4035-82AC-91E69A231A90}.Debug|Win32.Build.0 = Debug|Win32
		{7A57662A-3520-4035-82AC-91E69A231A90}.Release|Win32.ActiveCfg = Release|Win32
		{7A57662A-3520-4035-82AC-91E69A231A90}.Release|Win32.Build.0 = Release|Win32
		{3FC316DA-B136-4ABB-8BAB-447FC4CAA340}.Debug|Win32.ActiveCfg = Debug|Win32
		{3FC316DA-B136-4ABB-8BAB-447FC4CAA340}.Debug|Win32.Build.0 = Debug|Win32
		{3FC316DA-B136-4ABB-8BAB-447FC4CAA340}.Release|Win32.ActiveCfg = Release|Win32
		{3FC316DA-B136-4ABB-8BAB-447FC4CAA340}.Release|Win32.Build.0 = Release|Win32
		{598185F2-95F1-41CA-9049-658DB034E562}.Debug|Win32.ActiveCfg = Debug|Win32
		{598185F2-95F1-41CA-9049-658DB034E562}.Debug|Win32.Build.0 = Debug|Win32
		{598185F2-95F1-41CA-9049-658DB034E562}.Release|Win32.ActiveCfg = Release|Win32
		{598185F2-95F1-41CA-9049-658DB034E562}.Release|Win32.Build.0 = Release|Win32
		{5048E531-D739-4CCD-87A8-1DAC95D3A8BD}.Debug|Win32.ActiveCfg = Debug|Win32
		{5048E531-D739-4CCD-87A8-1DAC95D3A8BD}.Debug|Win32.Build.0 = Debug|Win32
		{5048E531-D739-4CCD-87A8-1DAC95D3A8BD}.Release|Win32.ActiveCfg = Release|Win32
		{5048E531-D739-4CCD-87A8-1DAC95D3A8BD}.Release|Win32.Build.0 = Release|Win32
		{4C247940-FDE1-489A-92F8-E4C0B7BD9D38}.Debug|Win32.ActiveCfg = Debug|Win32
		{4C247940-FDE1-489A-92F8-E4C0B7BD9D38}.Debug|Win32.Build.0 = Debug|Win32
		{4C247940-FDE1-489A-92F8-E4C0B7BD9D38}.Release|Win32.ActiveCfg = Release|Win32
		{4C247940-FDE1-489A-92F8-E4C0B7BD9D38}.Release|Win32.Build.0 = Release|Win32
		{6E2BB7B6-F5B0-4C76-83CA-8F2DB5B0A90A}.Debug|Win32.ActiveCfg = Debug|Win32
		{6E2BB7B6-F5B0-4C76-83CA-8F2DB5B0A90A}.Debug|Win32.Build.0 = Debug|Win32
		{6E2BB7B6-F5B0-4C76-83CA-8F2DB5B0A90A}.Release|Win32.ActiveCfg = Release|Win32
		{6E2BB7B6-F5B0-4C76-83CA-8F2DB5B0A90A}.Release|Win32.Build.0 = Release|Win32
	EndGlobalSection
	GlobalSection(SolutionProperties) = preSolution
		HideSolutionNode = FALSE
	EndGlobalSection
	GlobalSection(NestedProjects) = preSolution
		{C9DAD829-2B57-483D-BBE7-04C76F914EDC} = {F9654ED1-D225-4C3A-9244-761FFFB1FFCE}
		{951EBEBB-5108-469B-A53F-CCBF07B42D54} = {F9654ED1-D225-4C3A-9244-761FFFB1FFCE}
		{3FC316DA-B136-4ABB-8BAB-447FC4CAA340} = {F9654ED1-D225-4C3A-9244-761FFFB1FFCE}
		{2413402C-69D4-41CB-B40F-01102F6C1987} = {E6BA7C85-4545-4DC1-AC54-C9927C284F65}
		{0361A9C7-71AC-4267-9432-E4F9A8A31E22} = {E6BA7C85-4545-4DC1-AC54-C9927C284F65}
		{598185F2-95F1-41CA-9049-658DB034E562} = {2413402C-69D4-41CB-B40F-01102F6C1987}
		{7A57662A-3520-4035-82AC-91E69A231A90} = {2413402C-69D4-41CB-B40F-01102F6C1987}
		{5048E531-D739-4CCD-87A8-1DAC95D3A8BD} = {0361A9C7-71AC-4267-9432-E4F9A8A31E22}
		{4C247940-FDE1-489A-92F8-E4C0B7BD9D38} = {0361A9C7-71AC-4267-9432-E4F9A8A31E22}
		{6E2BB7B6-F5B0-4C76-83CA-8F2DB5B0A90A} = {0361A9C7-71AC-4267-9432-E4F9A8A31E22}
	EndGlobalSection
EndGlobal
