
Microsoft Visual Studio Solution File, Format Version 9.00
# Visual Studio 2005
Project("{8BC9CEB8-8B4A-11D0-8D11-00A0C91BC942}") = "1-1", "1-1\1-1.vcproj", "{C316BE74-F3F5-4FE0-AC22-7EF7F5FD3885}"
EndProject
Project("{8BC9CEB8-8B4A-11D0-8D11-00A0C91BC942}") = "1-2", "1-2\1-2.vcproj", "{C4807AFC-B4DA-433B-899F-B7F526BAD9F5}"
EndProject
Project("{8BC9CEB8-8B4A-11D0-8D11-00A0C91BC942}") = "1-3", "1-3\1-3.vcproj", "{17EAE019-4BE4-4D50-84B6-33BDE01B9A28}"
EndProject
Project("{8BC9CEB8-8B4A-11D0-8D11-00A0C91BC942}") = "1-4", "1-4\1-4.vcproj", "{02879A94-2A2E-4F85-8726-D95E6771CC67}"
EndProject
Project("{8BC9CEB8-8B4A-11D0-8D11-00A0C91BC942}") = "2-1", "2-1\2-1.vcproj", "{6C6A020E-BD55-4248-B026-8FA70AE3DBF4}"
EndProject
Project("{8BC9CEB8-8B4A-11D0-8D11-00A0C91BC942}") = "2-2", "2-2\2-2.vcproj", "{49CEEBBF-6E90-4885-A850-BE0F5D1CF1DF}"
EndProject
Project("{8BC9CEB8-8B4A-11D0-8D11-00A0C91BC942}") = "2-3", "2-3\2-3.vcproj", "{229005F5-ED1A-43D8-AEC8-6DB6A0D82AF8}"
EndProject
Project("{8BC9CEB8-8B4A-11D0-8D11-00A0C91BC942}") = "2-4", "2-4\2-4.vcproj", "{E80A88C8-BB97-4088-9B9A-EE4240FA3433}"
EndProject
Project("{8BC9CEB8-8B4A-11D0-8D11-00A0C91BC942}") = "2-5", "2-5\2-5.vcproj", "{6375BE29-3AB0-40A0-96CB-D4FB22593EBC}"
EndProject
Project("{8BC9CEB8-8B4A-11D0-8D11-00A0C91BC942}") = "2-6", "2-6\2-6.vcproj", "{338BA35D-34AC-4DBC-B4DC-193991060A5F}"
EndProject
Project("{8BC9CEB8-8B4A-11D0-8D11-00A0C91BC942}") = "3-1", "3-1\3-1.vcproj", "{169C4893-C823-4CF0-A7E5-48B17917EB8D}"
EndProject
Project("{8BC9CEB8-8B4A-11D0-8D11-00A0C91BC942}") = "3-2", "3-2\3-2.vcproj", "{FC655448-6313-4317-BB4C-83B4428F1679}"
EndProject
Project("{8BC9CEB8-8B4A-11D0-8D11-00A0C91BC942}") = "3-3", "3-3\3-3.vcproj", "{7210B039-654E-476A-A9E2-960AE1BC6F16}"
EndProject
Project("{8BC9CEB8-8B4A-11D0-8D11-00A0C91BC942}") = "3-4", "3-4\3-4.vcproj", "{58FB8E29-9DEB-49D3-ACDD-C636CA555B97}"
EndProject
Project("{8BC9CEB8-8B4A-11D0-8D11-00A0C91BC942}") = "3-6", "3-6\3-6.vcproj", "{2B4EBF52-4CE3-4D86-B7FE-F8842E01C100}"
EndProject
Project("{8BC9CEB8-8B4A-11D0-8D11-00A0C91BC942}") = "3-7", "3-7\3-7.vcproj", "{BFD26CE9-5AD2-4892-8285-F53ADF876A9A}"
EndProject
Global
	GlobalSection(SolutionConfigurationPlatforms) = preSolution
		Debug|Win32 = Debug|Win32
		Release|Win32 = Release|Win32
	EndGlobalSection
	GlobalSection(ProjectConfigurationPlatforms) = postSolution
		{C316BE74-F3F5-4FE0-AC22-7EF7F5FD3885}.Debug|Win32.ActiveCfg = Debug|Win32
		{C316BE74-F3F5-4FE0-AC22-7EF7F5FD3885}.Debug|Win32.Build.0 = Debug|Win32
		{C316BE74-F3F5-4FE0-AC22-7EF7F5FD3885}.Release|Win32.ActiveCfg = Release|Win32
		{C316BE74-F3F5-4FE0-AC22-7EF7F5FD3885}.Release|Win32.Build.0 = Release|Win32
		{C4807AFC-B4DA-433B-899F-B7F526BAD9F5}.Debug|Win32.ActiveCfg = Debug|Win32
		{C4807AFC-B4DA-433B-899F-B7F526BAD9F5}.Debug|Win32.Build.0 = Debug|Win32
		{C4807AFC-B4DA-433B-899F-B7F526BAD9F5}.Release|Win32.ActiveCfg = Release|Win32
		{C4807AFC-B4DA-433B-899F-B7F526BAD9F5}.Release|Win32.Build.0 = Release|Win32
		{17EAE019-4BE4-4D50-84B6-33BDE01B9A28}.Debug|Win32.ActiveCfg = Debug|Win32
		{17EAE019-4BE4-4D50-84B6-33BDE01B9A28}.Debug|Win32.Build.0 = Debug|Win32
		{17EAE019-4BE4-4D50-84B6-33BDE01B9A28}.Release|Win32.ActiveCfg = Release|Win32
		{17EAE019-4BE4-4D50-84B6-33BDE01B9A28}.Release|Win32.Build.0 = Release|Win32
		{02879A94-2A2E-4F85-8726-D95E6771CC67}.Debug|Win32.ActiveCfg = Debug|Win32
		{02879A94-2A2E-4F85-8726-D95E6771CC67}.Debug|Win32.Build.0 = Debug|Win32
		{02879A94-2A2E-4F85-8726-D95E6771CC67}.Release|Win32.ActiveCfg = Release|Win32
		{02879A94-2A2E-4F85-8726-D95E6771CC67}.Release|Win32.Build.0 = Release|Win32
		{6C6A020E-BD55-4248-B026-8FA70AE3DBF4}.Debug|Win32.ActiveCfg = Debug|Win32
		{6C6A020E-BD55-4248-B026-8FA70AE3DBF4}.Debug|Win32.Build.0 = Debug|Win32
		{6C6A020E-BD55-4248-B026-8FA70AE3DBF4}.Release|Win32.ActiveCfg = Release|Win32
		{6C6A020E-BD55-4248-B026-8FA70AE3DBF4}.Release|Win32.Build.0 = Release|Win32
		{49CEEBBF-6E90-4885-A850-BE0F5D1CF1DF}.Debug|Win32.ActiveCfg = Debug|Win32
		{49CEEBBF-6E90-4885-A850-BE0F5D1CF1DF}.Debug|Win32.Build.0 = Debug|Win32
		{49CEEBBF-6E90-4885-A850-BE0F5D1CF1DF}.Release|Win32.ActiveCfg = Release|Win32
		{49CEEBBF-6E90-4885-A850-BE0F5D1CF1DF}.Release|Win32.Build.0 = Release|Win32
		{229005F5-ED1A-43D8-AEC8-6DB6A0D82AF8}.Debug|Win32.ActiveCfg = Debug|Win32
		{229005F5-ED1A-43D8-AEC8-6DB6A0D82AF8}.Debug|Win32.Build.0 = Debug|Win32
		{229005F5-ED1A-43D8-AEC8-6DB6A0D82AF8}.Release|Win32.ActiveCfg = Release|Win32
		{229005F5-ED1A-43D8-AEC8-6DB6A0D82AF8}.Release|Win32.Build.0 = Release|Win32
		{E80A88C8-BB97-4088-9B9A-EE4240FA3433}.Debug|Win32.ActiveCfg = Debug|Win32
		{E80A88C8-BB97-4088-9B9A-EE4240FA3433}.Debug|Win32.Build.0 = Debug|Win32
		{E80A88C8-BB97-4088-9B9A-EE4240FA3433}.Release|Win32.ActiveCfg = Release|Win32
		{E80A88C8-BB97-4088-9B9A-EE4240FA3433}.Release|Win32.Build.0 = Release|Win32
		{6375BE29-3AB0-40A0-96CB-D4FB22593EBC}.Debug|Win32.ActiveCfg = Debug|Win32
		{6375BE29-3AB0-40A0-96CB-D4FB22593EBC}.Debug|Win32.Build.0 = Debug|Win32
		{6375BE29-3AB0-40A0-96CB-D4FB22593EBC}.Release|Win32.ActiveCfg = Release|Win32
		{6375BE29-3AB0-40A0-96CB-D4FB22593EBC}.Release|Win32.Build.0 = Release|Win32
		{338BA35D-34AC-4DBC-B4DC-193991060A5F}.Debug|Win32.ActiveCfg = Debug|Win32
		{338BA35D-34AC-4DBC-B4DC-193991060A5F}.Debug|Win32.Build.0 = Debug|Win32
		{338BA35D-34AC-4DBC-B4DC-193991060A5F}.Release|Win32.ActiveCfg = Release|Win32
		{338BA35D-34AC-4DBC-B4DC-193991060A5F}.Release|Win32.Build.0 = Release|Win32
		{169C4893-C823-4CF0-A7E5-48B17917EB8D}.Debug|Win32.ActiveCfg = Debug|Win32
		{169C4893-C823-4CF0-A7E5-48B17917EB8D}.Debug|Win32.Build.0 = Debug|Win32
		{169C4893-C823-4CF0-A7E5-48B17917EB8D}.Release|Win32.ActiveCfg = Release|Win32
		{169C4893-C823-4CF0-A7E5-48B17917EB8D}.Release|Win32.Build.0 = Release|Win32
		{FC655448-6313-4317-BB4C-83B4428F1679}.Debug|Win32.ActiveCfg = Debug|Win32
		{FC655448-6313-4317-BB4C-83B4428F1679}.Debug|Win32.Build.0 = Debug|Win32
		{FC655448-6313-4317-BB4C-83B4428F1679}.Release|Win32.ActiveCfg = Release|Win32
		{FC655448-6313-4317-BB4C-83B4428F1679}.Release|Win32.Build.0 = Release|Win32
		{7210B039-654E-476A-A9E2-960AE1BC6F16}.Debug|Win32.ActiveCfg = Debug|Win32
		{7210B039-654E-476A-A9E2-960AE1BC6F16}.Debug|Win32.Build.0 = Debug|Win32
		{7210B039-654E-476A-A9E2-960AE1BC6F16}.Release|Win32.ActiveCfg = Release|Win32
		{7210B039-654E-476A-A9E2-960AE1BC6F16}.Release|Win32.Build.0 = Release|Win32
		{58FB8E29-9DEB-49D3-ACDD-C636CA555B97}.Debug|Win32.ActiveCfg = Debug|Win32
		{58FB8E29-9DEB-49D3-ACDD-C636CA555B97}.Debug|Win32.Build.0 = Debug|Win32
		{58FB8E29-9DEB-49D3-ACDD-C636CA555B97}.Release|Win32.ActiveCfg = Release|Win32
		{58FB8E29-9DEB-49D3-ACDD-C636CA555B97}.Release|Win32.Build.0 = Release|Win32
		{2B4EBF52-4CE3-4D86-B7FE-F8842E01C100}.Debug|Win32.ActiveCfg = Debug|Win32
		{2B4EBF52-4CE3-4D86-B7FE-F8842E01C100}.Debug|Win32.Build.0 = Debug|Win32
		{2B4EBF52-4CE3-4D86-B7FE-F8842E01C100}.Release|Win32.ActiveCfg = Release|Win32
		{2B4EBF52-4CE3-4D86-B7FE-F8842E01C100}.Release|Win32.Build.0 = Release|Win32
		{BFD26CE9-5AD2-4892-8285-F53ADF876A9A}.Debug|Win32.ActiveCfg = Debug|Win32
		{BFD26CE9-5AD2-4892-8285-F53ADF876A9A}.Debug|Win32.Build.0 = Debug|Win32
		{BFD26CE9-5AD2-4892-8285-F53ADF876A9A}.Release|Win32.ActiveCfg = Release|Win32
		{BFD26CE9-5AD2-4892-8285-F53ADF876A9A}.Release|Win32.Build.0 = Release|Win32
	EndGlobalSection
	GlobalSection(SolutionProperties) = preSolution
		HideSolutionNode = FALSE
	EndGlobalSection
EndGlobal
